github.com/chilts/sid v0.0.0-20190607042430-660e94789ec9 h1:z0uK8UQqjMVYzvk4tiiu3obv2B44+XBsvgEJREQfnO8=
github.com/chilts/sid v0.0.0-20190607042430-660e94789ec9/go.mod h1:Jl2neWsQaDanWORdqZ4emBl50J4/aRBBS4FyyG9/PFo=
github.com/deckarep/golang-set v1.7.1 h1:SCQV0S6gTtp6itiFrTqI+pfmJ4LN85S1YzhDf9rTHJQ=
github.com/deckarep/golang-set v1.7.1/go.mod h1:93vsz/8Wt4joVM7c2AVqh+YRMiUSc14yDtF28KmMOgQ=
github.com/kjk/betterguid v0.0.0-20170621091430-c442874ba63a h1:b+Gt8sQs//Sl5Dcem5zP9Qc2FgEUAygREa2AAa2Vmcw=
github.com/kjk/betterguid v0.0.0-20170621091430-c442874ba63a/go.mod h1:uxRAhHE1nl34DpWgfe0CYbNYbCnYplaB6rZH9ReWtUk=
github.com/oklog/ulid v1.3.1 h1:EGfNDEx6MqHz8B3uNV6QAib1UR2Lm97sHi3ocA6ESJ4=
github.com/oklog/ulid v1.3.1/go.mod h1:CirwcVhetQ6Lv90oh/F+FBtV6XMibvdAFo93nm5qn4U=
github.com/rs/xid v1.2.1 h1:mhH9Nq+C1fY2l1XIpgxIiUOfNpRBYH1kKcr+qfKgjRc=
github.com/rs/xid v1.2.1/go.mod h1:+uKXf+4Djp6Md1KODXJxgGQPKngRmWyn10oCKFzNHOQ=
github.com/segmentio/ksuid v1.0.3 h1:FoResxvleQwYiPAVKe1tMUlEirodZqlqglIuFsdDntY=
github.com/segmentio/ksuid v1.0.3/go.mod h1:/XUiZBD3kVx5SmUOl55voK5yeAbBNNIed+2O73XgrPE=
github.com/sony/sonyflake v1.0.0 h1:MpU6Ro7tfXwgn2l5eluf9xQvQJDROTBImNCfRXn/YeM=
github.com/sony/sonyflake v1.0.0/go.mod h1:Jv3cfhf/UFtolOTTRd3q4Nl6ENqM+KfyZ5PseKfZGF4=
